# This file is automatically @generated by Cargo.
# It is not intended for manual editing.
[[package]]
name = "adler32"
version = "1.2.0"
source = "registry+https://github.com/rust-lang/crates.io-index"
checksum = "aae1277d39aeec15cb388266ecc24b11c80469deae6067e17a1a7aa9e5c1f234"

[[package]]
name = "approx"
version = "0.3.2"
source = "registry+https://github.com/rust-lang/crates.io-index"
checksum = "f0e60b75072ecd4168020818c0107f2857bb6c4e64252d8d3983f6263b40a5c3"
dependencies = [
 "num-traits",
]

[[package]]
name = "autocfg"
version = "1.0.1"
source = "registry+https://github.com/rust-lang/crates.io-index"
checksum = "cdb031dd78e28731d87d56cc8ffef4a8f36ca26c38fe2de700543e627f8a464a"

[[package]]
name = "bitflags"
version = "1.2.1"
source = "registry+https://github.com/rust-lang/crates.io-index"
checksum = "cf1de2fe8c75bc145a2f577add951f8134889b4795d47466a54a5c846d691693"

[[package]]
name = "byteorder"
version = "1.3.4"
source = "registry+https://github.com/rust-lang/crates.io-index"
checksum = "08c48aae112d48ed9f069b33538ea9e3e90aa263cfa3d1c24309612b1f7472de"

[[package]]
name = "cc"
version = "1.0.60"
source = "registry+https://github.com/rust-lang/crates.io-index"
checksum = "ef611cc68ff783f18535d77ddd080185275713d852c4f5cbb6122c462a7a825c"

[[package]]
name = "cfg-if"
version = "0.1.10"
source = "registry+https://github.com/rust-lang/crates.io-index"
checksum = "4785bdd1c96b2a846b2bd7cc02e86b6b3dbf14e7e53446c4f54c92a361040822"

[[package]]
name = "color_quant"
version = "1.0.1"
source = "registry+https://github.com/rust-lang/crates.io-index"
checksum = "0dbbb57365263e881e805dc77d94697c9118fd94d8da011240555aa7b23445bd"

[[package]]
name = "crc32fast"
version = "1.2.0"
source = "registry+https://github.com/rust-lang/crates.io-index"
checksum = "ba125de2af0df55319f41944744ad91c71113bf74a4646efff39afe1f6842db1"
dependencies = [
 "cfg-if",
]

[[package]]
name = "crossbeam-channel"
version = "0.4.4"
source = "registry+https://github.com/rust-lang/crates.io-index"
checksum = "b153fe7cbef478c567df0f972e02e6d736db11affe43dfc9c56a9374d1adfb87"
dependencies = [
 "crossbeam-utils",
 "maybe-uninit",
]

[[package]]
name = "crossbeam-deque"
version = "0.7.3"
source = "registry+https://github.com/rust-lang/crates.io-index"
checksum = "9f02af974daeee82218205558e51ec8768b48cf524bd01d550abe5573a608285"
dependencies = [
 "crossbeam-epoch",
 "crossbeam-utils",
 "maybe-uninit",
]

[[package]]
name = "crossbeam-epoch"
version = "0.8.2"
source = "registry+https://github.com/rust-lang/crates.io-index"
checksum = "058ed274caafc1f60c4997b5fc07bf7dc7cca454af7c6e81edffe5f33f70dace"
dependencies = [
 "autocfg",
 "cfg-if",
 "crossbeam-utils",
 "lazy_static",
 "maybe-uninit",
 "memoffset",
 "scopeguard",
]

[[package]]
name = "crossbeam-utils"
version = "0.7.2"
source = "registry+https://github.com/rust-lang/crates.io-index"
checksum = "c3c7c73a2d1e9fc0886a08b93e98eb643461230d5f1925e4036204d5f2e261a8"
dependencies = [
 "autocfg",
 "cfg-if",
 "lazy_static",
]

[[package]]
name = "deflate"
version = "0.7.20"
source = "registry+https://github.com/rust-lang/crates.io-index"
checksum = "707b6a7b384888a70c8d2e8650b3e60170dfc6a67bb4aa67b6dfca57af4bedb4"
dependencies = [
 "adler32",
 "byteorder",
]

[[package]]
name = "either"
version = "1.6.1"
source = "registry+https://github.com/rust-lang/crates.io-index"
checksum = "e78d4f1cc4ae33bbfc157ed5d5a5ef3bc29227303d595861deb238fcec4e9457"

[[package]]
name = "getrandom"
version = "0.1.15"
source = "registry+https://github.com/rust-lang/crates.io-index"
checksum = "fc587bc0ec293155d5bfa6b9891ec18a1e330c234f896ea47fbada4cadbe47e6"
dependencies = [
 "cfg-if",
 "libc",
 "wasi",
]

[[package]]
name = "gif"
version = "0.10.3"
source = "registry+https://github.com/rust-lang/crates.io-index"
checksum = "471d90201b3b223f3451cd4ad53e34295f16a1df17b1edf3736d47761c3981af"
dependencies = [
 "color_quant",
 "lzw",
]

[[package]]
name = "glam"
version = "0.8.7"
source = "registry+https://github.com/rust-lang/crates.io-index"
checksum = "b00572b5b10070ac495be20a25b4c8d379d20bcdec8ea0c870022b620ec79b20"

[[package]]
name = "hermit-abi"
version = "0.1.16"
source = "registry+https://github.com/rust-lang/crates.io-index"
checksum = "4c30f6d0bc6b00693347368a67d41b58f2fb851215ff1da49e90fe2c5c667151"
dependencies = [
 "libc",
]

[[package]]
name = "id-arena"
version = "2.2.1"
source = "registry+https://github.com/rust-lang/crates.io-index"
checksum = "25a2bc672d1148e28034f176e01fffebb08b35768468cc954630da77a1449005"
dependencies = [
 "rayon",
]

[[package]]
name = "image"
version = "0.21.3"
source = "registry+https://github.com/rust-lang/crates.io-index"
checksum = "35371e467cd7b0b3d1d6013d619203658467df12d61b0ca43cd67b743b1965eb"
dependencies = [
 "byteorder",
 "gif",
 "jpeg-decoder",
 "lzw",
 "num-iter",
 "num-rational",
 "num-traits",
 "png 0.14.1",
 "scoped_threadpool",
 "tiff",
]

[[package]]
name = "image"
version = "0.22.5"
source = "registry+https://github.com/rust-lang/crates.io-index"
checksum = "08ed2ada878397b045454ac7cfb011d73132c59f31a955d230bd1f1c2e68eb4a"
dependencies = [
 "byteorder",
 "num-iter",
 "num-rational",
 "num-traits",
 "png 0.15.3",
]

[[package]]
name = "inflate"
version = "0.4.5"
source = "registry+https://github.com/rust-lang/crates.io-index"
checksum = "1cdb29978cc5797bd8dcc8e5bf7de604891df2a8dc576973d71a281e916db2ff"
dependencies = [
 "adler32",
]

[[package]]
name = "itertools"
version = "0.8.2"
source = "registry+https://github.com/rust-lang/crates.io-index"
checksum = "f56a2d0bc861f9165be4eb3442afd3c236d8a98afd426f65d92324ae1091a484"
dependencies = [
 "either",
]

[[package]]
name = "jpeg-decoder"
version = "0.1.20"
source = "registry+https://github.com/rust-lang/crates.io-index"
checksum = "cc797adac5f083b8ff0ca6f6294a999393d76e197c36488e2ef732c4715f6fa3"
dependencies = [
 "byteorder",
 "rayon",
]

[[package]]
name = "lazy_static"
version = "1.4.0"
source = "registry+https://github.com/rust-lang/crates.io-index"
checksum = "e2abad23fbc42b3700f2f279844dc832adb2b2eb069b2df918f455c4e18cc646"

[[package]]
name = "libc"
version = "0.2.77"
source = "registry+https://github.com/rust-lang/crates.io-index"
checksum = "f2f96b10ec2560088a8e76961b00d47107b3a625fecb76dedb29ee7ccbf98235"

[[package]]
name = "libloading"
version = "0.6.3"
source = "registry+https://github.com/rust-lang/crates.io-index"
checksum = "2443d8f0478b16759158b2f66d525991a05491138bc05814ef52a250148ef4f9"
dependencies = [
 "cfg-if",
 "winapi",
]

[[package]]
name = "libretro-sys"
version = "0.1.1"
source = "registry+https://github.com/rust-lang/crates.io-index"
checksum = "207b060b02cecbcee6df3d0f5ed38691d5c4df1379dd1acd5c49c9b25d20b439"
dependencies = [
 "libc",
]

[[package]]
name = "lzw"
version = "0.10.0"
source = "registry+https://github.com/rust-lang/crates.io-index"
checksum = "7d947cbb889ed21c2a84be6ffbaebf5b4e0f4340638cba0444907e38b56be084"

[[package]]
name = "macroquad"
version = "0.2.9"
source = "git+https://github.com/not-fl3/macroquad?rev=31cff5d89ed17a6c83f39cf6568348dab25145dc#31cff5d89ed17a6c83f39cf6568348dab25145dc"
dependencies = [
 "glam",
 "image 0.22.5",
 "macroquad_macro",
 "megaui",
 "miniquad",
 "quad-gl",
 "quad-rand",
]

[[package]]
name = "macroquad_macro"
version = "0.1.0"
source = "git+https://github.com/not-fl3/macroquad?rev=31cff5d89ed17a6c83f39cf6568348dab25145dc#31cff5d89ed17a6c83f39cf6568348dab25145dc"

[[package]]
name = "mappy"
version = "0.1.0"
dependencies = [
 "id-arena",
 "image 0.21.3",
 "itertools",
 "libc",
 "libloading",
 "macroquad",
 "retro-rs",
 "uuid",
]

[[package]]
name = "maybe-uninit"
version = "2.0.0"
source = "registry+https://github.com/rust-lang/crates.io-index"
checksum = "60302e4db3a61da70c0cb7991976248362f30319e88850c487b9b95bbf059e00"

[[package]]
name = "megaui"
version = "0.2.12"
source = "registry+https://github.com/rust-lang/crates.io-index"
checksum = "3470b1af54c78a5f11dd20e977af497f3cc177462c3c5b08c64d1df2b76aafe4"
dependencies = [
 "miniquad_text_rusttype",
]

[[package]]
name = "memoffset"
version = "0.5.6"
source = "registry+https://github.com/rust-lang/crates.io-index"
checksum = "043175f069eda7b85febe4a74abbaeff828d9f8b448515d3151a14a3542811aa"
dependencies = [
 "autocfg",
]

[[package]]
name = "miniquad"
version = "0.3.0-alpha.11"
source = "registry+https://github.com/rust-lang/crates.io-index"
checksum = "9087613d71140a1700e910148208586de4e40a29f89939cfc65703456c951be9"
dependencies = [
 "sapp-android",
 "sapp-darwin",
 "sapp-dummy",
 "sapp-linux",
 "sapp-wasm",
 "sapp-windows",
]

[[package]]
name = "miniquad_text_rusttype"
version = "0.1.2"
source = "registry+https://github.com/rust-lang/crates.io-index"
checksum = "3223bd0dbc43a241228209464f995a7a6a86d64865459a8f1b8870890c6caea7"
dependencies = [
 "rusttype 0.7.9",
]

[[package]]
name = "num-derive"
version = "0.2.5"
source = "registry+https://github.com/rust-lang/crates.io-index"
checksum = "eafd0b45c5537c3ba526f79d3e75120036502bebacbb3f3220914067ce39dbf2"
dependencies = [
 "proc-macro2",
 "quote",
 "syn",
]

[[package]]
name = "num-integer"
version = "0.1.43"
source = "registry+https://github.com/rust-lang/crates.io-index"
checksum = "8d59457e662d541ba17869cf51cf177c0b5f0cbf476c66bdc90bf1edac4f875b"
dependencies = [
 "autocfg",
 "num-traits",
]

[[package]]
name = "num-iter"
version = "0.1.41"
source = "registry+https://github.com/rust-lang/crates.io-index"
checksum = "7a6e6b7c748f995c4c29c5f5ae0248536e04a5739927c74ec0fa564805094b9f"
dependencies = [
 "autocfg",
 "num-integer",
 "num-traits",
]

[[package]]
name = "num-rational"
version = "0.2.4"
source = "registry+https://github.com/rust-lang/crates.io-index"
checksum = "5c000134b5dbf44adc5cb772486d335293351644b801551abe8f75c84cfa4aef"
dependencies = [
 "autocfg",
 "num-integer",
 "num-traits",
]

[[package]]
name = "num-traits"
version = "0.2.12"
source = "registry+https://github.com/rust-lang/crates.io-index"
checksum = "ac267bcc07f48ee5f8935ab0d24f316fb722d7a1292e2913f0cc196b29ffd611"
dependencies = [
 "autocfg",
]

[[package]]
name = "num_cpus"
version = "1.13.0"
source = "registry+https://github.com/rust-lang/crates.io-index"
checksum = "05499f3756671c15885fee9034446956fff3f243d6077b91e5767df161f766b3"
dependencies = [
 "hermit-abi",
 "libc",
]

[[package]]
name = "ordered-float"
version = "1.1.0"
source = "registry+https://github.com/rust-lang/crates.io-index"
checksum = "3741934be594d77de1c8461ebcbbe866f585ea616a9753aa78f2bdc69f0e4579"
dependencies = [
 "num-traits",
]

[[package]]
name = "png"
version = "0.14.1"
source = "registry+https://github.com/rust-lang/crates.io-index"
checksum = "63daf481fdd0defa2d1d2be15c674fbfa1b0fd71882c303a91f9a79b3252c359"
dependencies = [
 "bitflags",
 "deflate",
 "inflate",
 "num-iter",
]

[[package]]
name = "png"
version = "0.15.3"
source = "registry+https://github.com/rust-lang/crates.io-index"
checksum = "ef859a23054bbfee7811284275ae522f0434a3c8e7f4b74bd4a35ae7e1c4a283"
dependencies = [
 "bitflags",
 "crc32fast",
 "deflate",
 "inflate",
]

[[package]]
name = "ppv-lite86"
version = "0.2.9"
source = "registry+https://github.com/rust-lang/crates.io-index"
checksum = "c36fa947111f5c62a733b652544dd0016a43ce89619538a8ef92724a6f501a20"

[[package]]
name = "proc-macro2"
version = "0.4.30"
source = "registry+https://github.com/rust-lang/crates.io-index"
checksum = "cf3d2011ab5c909338f7887f4fc896d35932e29146c12c8d01da6b22a80ba759"
dependencies = [
 "unicode-xid",
]

[[package]]
name = "quad-gl"
version = "0.2.3"
source = "registry+https://github.com/rust-lang/crates.io-index"
checksum = "a6a9c34f7e344c68903c30f92fda630a881f88ab5d7b8fd64a6b794ee62ffbf5"
dependencies = [
 "glam",
 "image 0.22.5",
 "miniquad",
]

[[package]]
name = "quad-rand"
version = "0.1.1"
source = "registry+https://github.com/rust-lang/crates.io-index"
checksum = "ec3e8eb9b1d9b58a43bac8f20985768ddcc03b928a909d4d39ced327b971fec5"

[[package]]
name = "quote"
version = "0.6.13"
source = "registry+https://github.com/rust-lang/crates.io-index"
checksum = "6ce23b6b870e8f94f81fb0a363d65d86675884b34a09043c81e5562f11c1f8e1"
dependencies = [
 "proc-macro2",
]

[[package]]
name = "rand"
version = "0.7.3"
source = "registry+https://github.com/rust-lang/crates.io-index"
checksum = "6a6b1679d49b24bbfe0c803429aa1874472f50d9b363131f0e89fc356b544d03"
dependencies = [
 "getrandom",
 "libc",
 "rand_chacha",
 "rand_core",
 "rand_hc",
]

[[package]]
name = "rand_chacha"
version = "0.2.2"
source = "registry+https://github.com/rust-lang/crates.io-index"
checksum = "f4c8ed856279c9737206bf725bf36935d8666ead7aa69b52be55af369d193402"
dependencies = [
 "ppv-lite86",
 "rand_core",
]

[[package]]
name = "rand_core"
version = "0.5.1"
source = "registry+https://github.com/rust-lang/crates.io-index"
checksum = "90bde5296fc891b0cef12a6d03ddccc162ce7b2aff54160af9338f8d40df6d19"
dependencies = [
 "getrandom",
]

[[package]]
name = "rand_hc"
version = "0.2.0"
source = "registry+https://github.com/rust-lang/crates.io-index"
checksum = "ca3129af7b92a17112d59ad498c6f81eaf463253766b90396d39ea7a39d6613c"
dependencies = [
 "rand_core",
]

[[package]]
name = "rayon"
version = "1.4.1"
source = "registry+https://github.com/rust-lang/crates.io-index"
checksum = "dcf6960dc9a5b4ee8d3e4c5787b4a112a8818e0290a42ff664ad60692fdf2032"
dependencies = [
 "autocfg",
 "crossbeam-deque",
 "either",
 "rayon-core",
]

[[package]]
name = "rayon-core"
version = "1.8.1"
source = "registry+https://github.com/rust-lang/crates.io-index"
checksum = "e8c4fec834fb6e6d2dd5eece3c7b432a52f0ba887cf40e595190c4107edc08bf"
dependencies = [
 "crossbeam-channel",
 "crossbeam-deque",
 "crossbeam-utils",
 "lazy_static",
 "num_cpus",
]

[[package]]
name = "retro-rs"
version = "0.3.2"
source = "git+https://github.com/JoeOsborn/retro-rs#e0526d1f6128c8e78a11162d841a1c65dd93c8a4"
dependencies = [
 "image 0.21.3",
 "lazy_static",
 "libc",
 "libloading",
 "libretro-sys",
]

[[package]]
name = "rusttype"
version = "0.7.9"
source = "registry+https://github.com/rust-lang/crates.io-index"
checksum = "310942406a39981bed7e12b09182a221a29e0990f3e7e0c971f131922ed135d5"
dependencies = [
 "rusttype 0.8.3",
]

[[package]]
name = "rusttype"
version = "0.8.3"
source = "registry+https://github.com/rust-lang/crates.io-index"
checksum = "9f61411055101f7b60ecf1041d87fb74205fb20b0c7a723f07ef39174cf6b4c0"
dependencies = [
 "approx",
 "ordered-float",
 "stb_truetype",
]

[[package]]
name = "sapp-android"
version = "0.1.1"
source = "registry+https://github.com/rust-lang/crates.io-index"
checksum = "d5547ac47995d3c38e80f1ee5b0794c04090e67f6703878fb0008539a91dbc70"
dependencies = [
 "cc",
 "libc",
]

[[package]]
name = "sapp-darwin"
version = "0.1.2"
source = "registry+https://github.com/rust-lang/crates.io-index"
checksum = "011e764a379302de761892ad9a0de6e5d612146423b39ddee125fb1cb2ffcb73"
dependencies = [
 "cc",
 "libc",
]

[[package]]
name = "sapp-dummy"
version = "0.1.3"
source = "registry+https://github.com/rust-lang/crates.io-index"
checksum = "844086b04fc920b4b604af0bb6ffc5c3b43dbb4fe94fd6f532c41a391e12f717"
dependencies = [
 "libc",
]

[[package]]
name = "sapp-linux"
version = "0.1.8"
source = "registry+https://github.com/rust-lang/crates.io-index"
checksum = "1f375ce42d40696ab27c5cbf410580e991ebf520cb7eb085df1b73c17bf53a69"
dependencies = [
 "libc",
]

[[package]]
name = "sapp-wasm"
version = "0.1.18"
source = "registry+https://github.com/rust-lang/crates.io-index"
checksum = "a4bc4bc1e5193e62ef8f3185a82d0e0416581b67d9ae0f02ef53c9ad54653689"

[[package]]
name = "sapp-windows"
version = "0.2.9"
source = "registry+https://github.com/rust-lang/crates.io-index"
checksum = "68e7ace3bb21c750c1a47fb97a39e41d7cd795ab16c9a2da7103255a862d623f"
dependencies = [
 "cc",
 "libc",
]

[[package]]
name = "scoped_threadpool"
version = "0.1.9"
source = "registry+https://github.com/rust-lang/crates.io-index"
checksum = "1d51f5df5af43ab3f1360b429fa5e0152ac5ce8c0bd6485cae490332e96846a8"

[[package]]
name = "scopeguard"
version = "1.1.0"
source = "registry+https://github.com/rust-lang/crates.io-index"
checksum = "d29ab0c6d3fc0ee92fe66e2d99f700eab17a8d57d1c1d3b748380fb20baa78cd"

[[package]]
name = "stb_truetype"
version = "0.3.1"
source = "registry+https://github.com/rust-lang/crates.io-index"
checksum = "f77b6b07e862c66a9f3e62a07588fee67cd90a9135a2b942409f195507b4fb51"
dependencies = [
 "byteorder",
]

[[package]]
name = "syn"
version = "0.15.44"
source = "registry+https://github.com/rust-lang/crates.io-index"
checksum = "9ca4b3b69a77cbe1ffc9e198781b7acb0c7365a883670e8f1c1bc66fba79a5c5"
dependencies = [
 "proc-macro2",
 "quote",
 "unicode-xid",
]

[[package]]
name = "tiff"
version = "0.2.2"
source = "registry+https://github.com/rust-lang/crates.io-index"
checksum = "1e4834f28a0330cb9f3f2c87d2649dca723cb33802e2bdcf18da32759fbec7ce"
dependencies = [
 "byteorder",
 "lzw",
 "num-derive",
 "num-traits",
]

[[package]]
name = "unicode-xid"
version = "0.1.0"
source = "registry+https://github.com/rust-lang/crates.io-index"
checksum = "fc72304796d0818e357ead4e000d19c9c174ab23dc11093ac919054d20a6a7fc"

[[package]]
name = "uuid"
version = "0.8.1"
source = "registry+https://github.com/rust-lang/crates.io-index"
checksum = "9fde2f6a4bea1d6e007c4ad38c6839fa71cbb63b6dbf5b595aa38dc9b1093c11"
dependencies = [
 "rand",
]

[[package]]
name = "wasi"
version = "0.9.0+wasi-snapshot-preview1"
source = "registry+https://github.com/rust-lang/crates.io-index"
checksum = "cccddf32554fecc6acb585f82a32a72e28b48f8c4c1883ddfeeeaa96f7d8e519"

[[package]]
name = "winapi"
version = "0.3.9"
source = "registry+https://github.com/rust-lang/crates.io-index"
checksum = "5c839a674fcd7a98952e593242ea400abe93992746761e38641405d28b00f419"
dependencies = [
 "winapi-i686-pc-windows-gnu",
 "winapi-x86_64-pc-windows-gnu",
]

[[package]]
name = "winapi-i686-pc-windows-gnu"
version = "0.4.0"
source = "registry+https://github.com/rust-lang/crates.io-index"
checksum = "ac3b87c63620426dd9b991e5ce0329eff545bccbbb34f3be09ff6fb6ab51b7b6"

[[package]]
name = "winapi-x86_64-pc-windows-gnu"
version = "0.4.0"
source = "registry+https://github.com/rust-lang/crates.io-index"
checksum = "712e227841d057c1ee1cd2fb22fa7e5a5461ae8e48fa2ca79ec42cfc1931183f"
